
Microsoft Visual Studio Solution File, Format Version 12.00
# Visual Studio Version 17
VisualStudioVersion = 17.1.32414.318
MinimumVisualStudioVersion = 10.0.40219.1
Project("{FAE04EC0-301F-11D3-BF4B-00C04F79EFBC}") = "Workshop", "Workshop\Workshop.csproj", "{BC9DABC4-C060-4CCA-ADF7-4BF74F9B25F0}"
EndProject
Global
	GlobalSection(SolutionConfigurationPlatforms) = preSolution
		Debug|Any CPU = Debug|Any CPU
		Release|Any CPU = Release|Any CPU
	EndGlobalSection
	GlobalSection(ProjectConfigurationPlatforms) = postSolution
		{BC9DABC4-C060-4CCA-ADF7-4BF74F9B25F0}.Debug|Any CPU.ActiveCfg = Debug|Any CPU
		{BC9DABC4-C060-4CCA-ADF7-4BF74F9B25F0}.Debug|Any CPU.Build.0 = Debug|Any CPU
		{BC9DABC4-C060-4CCA-ADF7-4BF74F9B25F0}.Release|Any CPU.ActiveCfg = Release|Any CPU
		{BC9DABC4-C060-4CCA-ADF7-4BF74F9B25F0}.Release|Any CPU.Build.0 = Release|Any CPU
	EndGlobalSection
	GlobalSection(SolutionProperties) = preSolution
		HideSolutionNode = FALSE
	EndGlobalSection
	GlobalSection(ExtensibilityGlobals) = postSolution
		SolutionGuid = {C8037E49-5187-4E45-9360-65FB21692DE2}
	EndGlobalSection
EndGlobal
